// !$*UTF8*$!
{
	archiveVersion = 1;
	classes = {
	};
	objectVersion = 46;
	objects = {

/* Begin PBXBuildFile section */
		666811431DA9E8E100DC5069 /* main.m in Sources */ = {isa = PBXBuildFile; fileRef = 666811421DA9E8E100DC5069 /* main.m */; };
		666811461DA9E8E100DC5069 /* AppDelegate.m in Sources */ = {isa = PBXBuildFile; fileRef = 666811451DA9E8E100DC5069 /* AppDelegate.m */; };
		666811491DA9E8E100DC5069 /* ViewController.m in Sources */ = {isa = PBXBuildFile; fileRef = 666811481DA9E8E100DC5069 /* ViewController.m */; };
		6668114C1DA9E8E100DC5069 /* Main.storyboard in Resources */ = {isa = PBXBuildFile; fileRef = 6668114A1DA9E8E100DC5069 /* Main.storyboard */; };
		6668114E1DA9E8E100DC5069 /* Assets.xcassets in Resources */ = {isa = PBXBuildFile; fileRef = 6668114D1DA9E8E100DC5069 /* Assets.xcassets */; };
		666811511DA9E8E100DC5069 /* LaunchScreen.storyboard in Resources */ = {isa = PBXBuildFile; fileRef = 6668114F1DA9E8E100DC5069 /* LaunchScreen.storyboard */; };
/* End PBXBuildFile section */

/* Begin PBXFileReference section */
		6668113E1DA9E8E100DC5069 /* MasonryDemo.app */ = {isa = PBXFileReference; explicitFileType = wrapper.application; includeInIndex = 0; path = MasonryDemo.app; sourceTree = BUILT_PRODUCTS_DIR; };
		666811421DA9E8E100DC5069 /* main.m */ = {isa = PBXFileReference; lastKnownFileType = sourcecode.c.objc; path = main.m; sourceTree = "<group>"; };
		666811441DA9E8E100DC5069 /* AppDelegate.h */ = {isa = PBXFileReference; lastKnownFileType = sourcecode.c.h; path = AppDelegate.h; sourceTree = "<group>"; };
		666811451DA9E8E100DC5069 /* AppDelegate.m */ = {isa = PBXFileReference; lastKnownFileType = sourcecode.c.objc; path = AppDelegate.m; sourceTree = "<group>"; };
		666811471DA9E8E100DC5069 /* ViewController.h */ = {isa = PBXFileReference; lastKnownFileType = sourcecode.c.h; path = ViewController.h; sourceTree = "<group>"; };
		666811481DA9E8E100DC5069 /* ViewController.m */ = {isa = PBXFileReference; lastKnownFileType = sourcecode.c.objc; path = ViewController.m; sourceTree = "<group>"; };
		6668114B1DA9E8E100DC5069 /* Base */ = {isa = PBXFileReference; lastKnownFileType = file.storyboard; name = Base; path = Base.lproj/Main.storyboard; sourceTree = "<group>"; };
		6668114D1DA9E8E100DC5069 /* Assets.xcassets */ = {isa = PBXFileReference; lastKnownFileType = folder.assetcatalog; path = Assets.xcassets; sourceTree = "<group>"; };
		666811501DA9E8E100DC5069 /* Base */ = {isa = PBXFileReference; lastKnownFileType = file.storyboard; name = Base; path = Base.lproj/LaunchScreen.storyboard; sourceTree = "<group>"; };
		666811521DA9E8E100DC5069 /* Info.plist */ = {isa = PBXFileReference; lastKnownFileType = text.plist.xml; path = Info.plist; sourceTree = "<group>"; };
/* End PBXFileReference section */

/* Begin PBXFrameworksBuildPhase section */
		6668113B1DA9E8E100DC5069 /* Frameworks */ = {
			isa = PBXFrameworksBuildPhase;
			buildActionMask = 2147483647;
			files = (
			);
			runOnlyForDeploymentPostprocessing = 0;
		};
/* End PBXFrameworksBuildPhase section */

/* Begin PBXGroup section */
		666811351DA9E8E100DC5069 = {
			isa = PBXGroup;
			children = (
				666811401DA9E8E100DC5069 /* MasonryDemo */,
				6668113F1DA9E8E100DC5069 /* Products */,
			);
			sourceTree = "<group>";
		};
		6668113F1DA9E8E100DC5069 /* Products */ = {
			isa = PBXGroup;
			children = (
				6668113E1DA9E8E100DC5069 /* MasonryDemo.app */,
			);
			name = Products;
			sourceTree = "<group>";
		};
		666811401DA9E8E100DC5069 /* MasonryDemo */ = {
			isa = PBXGroup;
			children = (
				666811441DA9E8E100DC5069 /* AppDelegate.h */,
				666811451DA9E8E100DC5069 /* AppDelegate.m */,
				666811471DA9E8E100DC5069 /* ViewController.h */,
				666811481DA9E8E100DC5069 /* ViewController.m */,
				6668114A1DA9E8E100DC5069 /* Main.storyboard */,
				6668114D1DA9E8E100DC5069 /* Assets.xcassets */,
				6668114F1DA9E8E100DC5069 /* LaunchScreen.storyboard */,
				666811521DA9E8E100DC5069 /* Info.plist */,
				666811411DA9E8E100DC5069 /* Supporting Files */,
			);
			path = MasonryDemo;
			sourceTree = "<group>";
		};
		666811411DA9E8E100DC5069 /* Supporting Files */ = {
			isa = PBXGroup;
			children = (
				666811421DA9E8E100DC5069 /* main.m */,
			);
			name = "Supporting Files";
			sourceTree = "<group>";
		};
/* End PBXGroup section */

/* Begin PBXNativeTarget section */
		6668113D1DA9E8E100DC5069 /* MasonryDemo */ = {
			isa = PBXNativeTarget;
			buildConfigurationList = 666811551DA9E8E100DC5069 /* Build configuration list for PBXNativeTarget "MasonryDemo" */;
			buildPhases = (
				6668113A1DA9E8E100DC5069 /* Sources */,
				6668113B1DA9E8E100DC5069 /* Frameworks */,
				6668113C1DA9E8E100DC5069 /* Resources */,
			);
			buildRules = (
			);
			dependencies = (
			);
			name = MasonryDemo;
			productName = MasonryDemo;
			productReference = 6668113E1DA9E8E100DC5069 /* MasonryDemo.app */;
			productType = "com.apple.product-type.application";
		};
/* End PBXNativeTarget section */

/* Begin PBXProject section */
		666811361DA9E8E100DC5069 /* Project object */ = {
			isa = PBXProject;
			attributes = {
				LastUpgradeCheck = 0730;
				ORGANIZATIONNAME = "花花";
				TargetAttributes = {
					6668113D1DA9E8E100DC5069 = {
						CreatedOnToolsVersion = 7.3;
					};
				};
			};
			buildConfigurationList = 666811391DA9E8E100DC5069 /* Build configuration list for PBXProject "MasonryDemo" */;
			compatibilityVersion = "Xcode 3.2";
			developmentRegion = English;
			hasScannedForEncodings = 0;
			knownRegions = (
				en,
				Base,
			);
			mainGroup = 666811351DA9E8E100DC5069;
			productRefGroup = 6668113F1DA9E8E100DC5069 /* Products */;
			projectDirPath = "";
			projectRoot = "";
			targets = (
				6668113D1DA9E8E100DC5069 /* MasonryDemo */,
			);
		};
/* End PBXProject section */

/* Begin PBXResourcesBuildPhase section */
		6668113C1DA9E8E100DC5069 /* Resources */ = {
			isa = PBXResourcesBuildPhase;
			buildActionMask = 2147483647;
			files = (
				666811511DA9E8E100DC5069 /* LaunchScreen.storyboard in Resources */,
				6668114E1DA9E8E100DC5069 /* Assets.xcassets in Resources */,
				6668114C1DA9E8E100DC5069 /* Main.storyboard in Resources */,
			);
			runOnlyForDeploymentPostprocessing = 0;
		};
/* End PBXResourcesBuildPhase section */

/* Begin PBXSourcesBuildPhase section */
		6668113A1DA9E8E100DC5069 /* Sources */ = {
			isa = PBXSourcesBuildPhase;
			buildActionMask = 2147483647;
			files = (
				666811491DA9E8E100DC5069 /* ViewController.m in Sources */,
				666811461DA9E8E100DC5069 /* AppDelegate.m in Sources */,
				666811431DA9E8E100DC5069 /* main.m in Sources */,
			);
			runOnlyForDeploymentPostprocessing = 0;
		};
/* End PBXSourcesBuildPhase section */

/* Begin PBXVariantGroup section */
		6668114A1DA9E8E100DC5069 /* Main.storyboard */ = {
			isa = PBXVariantGroup;
			children = (
				6668114B1DA9E8E100DC5069 /* Base */,
			);
			name = Main.storyboard;
			sourceTree = "<group>";
		};
		6668114F1DA9E8E100DC5069 /* LaunchScreen.storyboard */ = {
			isa = PBXVariantGroup;
			children = (
				666811501DA9E8E100DC5069 /* Base */,
			);
			name = LaunchScreen.storyboard;
			sourceTree = "<group>";
		};
/* End PBXVariantGroup section */

/* Begin XCBuildConfiguration section */
		666811531DA9E8E100DC5069 /* Debug */ = {
			isa = XCBuildConfiguration;
			buildSettings = {
				ALWAYS_SEARCH_USER_PATHS = NO;
				CLANG_ANALYZER_NONNULL = YES;
				CLANG_CXX_LANGUAGE_STANDARD = "gnu++0x";
				CLANG_CXX_LIBRARY = "libc++";
				CLANG_ENABLE_MODULES = YES;
				CLANG_ENABLE_OBJC_ARC = YES;
				CLANG_WARN_BOOL_CONVERSION = YES;
				CLANG_WARN_CONSTANT_CONVERSION = YES;
				CLANG_WARN_DIRECT_OBJC_ISA_USAGE = YES_ERROR;
				CLANG_WARN_EMPTY_BODY = YES;
				CLANG_WARN_ENUM_CONVERSION = YES;
				CLANG_WARN_INT_CONVERSION = YES;
				CLANG_WARN_OBJC_ROOT_CLASS = YES_ERROR;
				CLANG_WARN_UNREACHABLE_CODE = YES;
				CLANG_WARN__DUPLICATE_METHOD_MATCH = YES;
				"CODE_SIGN_IDENTITY[sdk=iphoneos*]" = "iPhone Developer";
				COPY_PHASE_STRIP = NO;
				DEBUG_INFORMATION_FORMAT = dwarf;
				ENABLE_STRICT_OBJC_MSGSEND = YES;
				ENABLE_TESTABILITY = YES;
				GCC_C_LANGUAGE_STANDARD = gnu99;
				GCC_DYNAMIC_NO_PIC = NO;
				GCC_NO_COMMON_BLOCKS = YES;
				GCC_OPTIMIZATION_LEVEL = 0;
				GCC_PREPROCESSOR_DEFINITIONS = (
					"DEBUG=1",
					"$(inherited)",
				);
				GCC_WARN_64_TO_32_BIT_CONVERSION = YES;
				GCC_WARN_ABOUT_RETURN_TYPE = YES_ERROR;
				GCC_WARN_UNDECLARED_SELECTOR = YES;
				GCC_WARN_UNINITIALIZED_AUTOS = YES_AGGRESSIVE;
				GCC_WARN_UNUSED_FUNCTION = YES;
				GCC_WARN_UNUSED_VARIABLE = YES;
				IPHONEOS_DEPLOYMENT_TARGET = 9.3;
				MTL_ENABLE_DEBUG_INFO = YES;
				ONLY_ACTIVE_ARCH = YES;
				SDKROOT = iphoneos;
				TARGETED_DEVICE_FAMILY = "1,2";
			};
			name = Debug;
		};
		666811541DA9E8E100DC5069 /* Release */ = {
			isa = XCBuildConfiguration;
			buildSettings = {
				ALWAYS_SEARCH_USER_PATHS = NO;
				CLANG_ANALYZER_NONNULL = YES;
				CLANG_CXX_LANGUAGE_STANDARD = "gnu++0x";
				CLANG_CXX_LIBRARY = "libc++";
				CLANG_ENABLE_MODULES = YES;
				CLANG_ENABLE_OBJC_ARC = YES;
				CLANG_WARN_BOOL_CONVERSION = YES;
				CLANG_WARN_CONSTANT_CONVERSION = YES;
				CLANG_WARN_DIRECT_OBJC_ISA_USAGE = YES_ERROR;
				CLANG_WARN_EMPTY_BODY = YES;
				CLANG_WARN_ENUM_CONVERSION = YES;
				CLANG_WARN_INT_CONVERSION = YES;
				CLANG_WARN_OBJC_ROOT_CLASS = YES_ERROR;
				CLANG_WARN_UNREACHABLE_CODE = YES;
				CLANG_WARN__DUPLICATE_METHOD_MATCH = YES;
				"CODE_SIGN_IDENTITY[sdk=iphoneos*]" = "iPhone Developer";
				COPY_PHASE_STRIP = NO;
				DEBUG_INFORMATION_FORMAT = "dwarf-with-dsym";
				ENABLE_NS_ASSERTIONS = NO;
				ENABLE_STRICT_OBJC_MSGSEND = YES;
				GCC_C_LANGUAGE_STANDARD = gnu99;
				GCC_NO_COMMON_BLOCKS = YES;
				GCC_WARN_64_TO_32_BIT_CONVERSION = YES;
				GCC_WARN_ABOUT_RETURN_TYPE = YES_ERROR;
				GCC_WARN_UNDECLARED_SELECTOR = YES;
				GCC_WARN_UNINITIALIZED_AUTOS = YES_AGGRESSIVE;
				GCC_WARN_UNUSED_FUNCTION = YES;
				GCC_WARN_UNUSED_VARIABLE = YES;
				IPHONEOS_DEPLOYMENT_TARGET = 9.3;
				MTL_ENABLE_DEBUG_INFO = NO;
				SDKROOT = iphoneos;
				TARGETED_DEVICE_FAMILY = "1,2";
				VALIDATE_PRODUCT = YES;
			};
			name = Release;
		};
		666811561DA9E8E100DC5069 /* Debug */ = {
			isa = XCBuildConfiguration;
			buildSettings = {
				ASSETCATALOG_COMPILER_APPICON_NAME = AppIcon;
				INFOPLIST_FILE = MasonryDemo/Info.plist;
				LD_RUNPATH_SEARCH_PATHS = "$(inherited) @executable_path/Frameworks";
				PRODUCT_BUNDLE_IDENTIFIER = zl.MasonryDemo;
				PRODUCT_NAME = "$(TARGET_NAME)";
			};
			name = Debug;
		};
		666811571DA9E8E100DC5069 /* Release */ = {
			isa = XCBuildConfiguration;
			buildSettings = {
				ASSETCATALOG_COMPILER_APPICON_NAME = AppIcon;
				INFOPLIST_FILE = MasonryDemo/Info.plist;
				LD_RUNPATH_SEARCH_PATHS = "$(inherited) @executable_path/Frameworks";
				PRODUCT_BUNDLE_IDENTIFIER = zl.MasonryDemo;
				PRODUCT_NAME = "$(TARGET_NAME)";
			};
			name = Release;
		};
/* End XCBuildConfiguration section */

/* Begin XCConfigurationList section */
		666811391DA9E8E100DC5069 /* Build configuration list for PBXProject "MasonryDemo" */ = {
			isa = XCConfigurationList;
			buildConfigurations = (
				666811531DA9E8E100DC5069 /* Debug */,
				666811541DA9E8E100DC5069 /* Release */,
			);
			defaultConfigurationIsVisible = 0;
			defaultConfigurationName = Release;
		};
		666811551DA9E8E100DC5069 /* Build configuration list for PBXNativeTarget "MasonryDemo" */ = {
			isa = XCConfigurationList;
			buildConfigurations = (
				666811561DA9E8E100DC5069 /* Debug */,
				666811571DA9E8E100DC5069 /* Release */,
			);
			defaultConfigurationIsVisible = 0;
		};
/* End XCConfigurationList section */
	};
	rootObject = 666811361DA9E8E100DC5069 /* Project object */;
}
